
Microsoft Visual Studio Solution File, Format Version 12.00
# Visual Studio Version 17
VisualStudioVersion = 17.8.34330.188
MinimumVisualStudioVersion = 10.0.40219.1
Project("{9A19103F-16F7-4668-BE54-9A1E7A4F7556}") = "Construo.NotificationAPI", "Construo.NotificationAPI\Construo.NotificationAPI.csproj", "{3C8A723C-64E6-475B-BC16-40FDFCF3F979}"
EndProject
Project("{FAE04EC0-301F-11D3-BF4B-00C04F79EFBC}") = "Construo.NotificationAPI.Tests", "Construo.NotificationAPI.Tests\Construo.NotificationAPI.Tests.csproj", "{DA147567-B860-435C-BBEB-D2C40EEF3F8A}"
EndProject
Global
	GlobalSection(SolutionConfigurationPlatforms) = preSolution
		Debug|Any CPU = Debug|Any CPU
		Release|Any CPU = Release|Any CPU
	EndGlobalSection
	GlobalSection(ProjectConfigurationPlatforms) = postSolution
		{3C8A723C-64E6-475B-BC16-40FDFCF3F979}.Debug|Any CPU.ActiveCfg = Debug|Any CPU
		{3C8A723C-64E6-475B-BC16-40FDFCF3F979}.Debug|Any CPU.Build.0 = Debug|Any CPU
		{3C8A723C-64E6-475B-BC16-40FDFCF3F979}.Release|Any CPU.ActiveCfg = Release|Any CPU
		{3C8A723C-64E6-475B-BC16-40FDFCF3F979}.Release|Any CPU.Build.0 = Release|Any CPU
		{DA147567-B860-435C-BBEB-D2C40EEF3F8A}.Debug|Any CPU.ActiveCfg = Debug|Any CPU
		{DA147567-B860-435C-BBEB-D2C40EEF3F8A}.Debug|Any CPU.Build.0 = Debug|Any CPU
		{DA147567-B860-435C-BBEB-D2C40EEF3F8A}.Release|Any CPU.ActiveCfg = Release|Any CPU
		{DA147567-B860-435C-BBEB-D2C40EEF3F8A}.Release|Any CPU.Build.0 = Release|Any CPU
	EndGlobalSection
	GlobalSection(SolutionProperties) = preSolution
		HideSolutionNode = FALSE
	EndGlobalSection
	GlobalSection(ExtensibilityGlobals) = postSolution
		SolutionGuid = {D0D897E1-F98B-4ADC-A6B5-1324A1FB1245}
	EndGlobalSection
EndGlobal
